Microsoft Visual Studio Solution File, Format Version 11.00
# Visual Studio 2010
Project("{FAE04EC0-301F-11D3-BF4B-00C04F79EFBC}") = "DevExpress.Razor", "DevExpress.Razor\DevExpress.Razor.csproj", "{05AC92FD-14E4-4A15-A858-578BC640C589}"
EndProject
Global
	GlobalSection(SolutionConfigurationPlatforms) = preSolution
		Debug|Any CPU = Debug|Any CPU
		DebugTest|Any CPU = DebugTest|Any CPU
		Release|Any CPU = Release|Any CPU
	EndGlobalSection
	GlobalSection(ProjectConfigurationPlatforms) = postSolution
		{05AC92FD-14E4-4A15-A858-578BC640C589}.Debug|Any CPU.ActiveCfg = Debug|Any CPU
		{05AC92FD-14E4-4A15-A858-578BC640C589}.Debug|Any CPU.Build.0 = Debug|Any CPU
		{05AC92FD-14E4-4A15-A858-578BC640C589}.DebugTest|Any CPU.ActiveCfg = Debug|Any CPU
		{05AC92FD-14E4-4A15-A858-578BC640C589}.DebugTest|Any CPU.Build.0 = Debug|Any CPU
		{05AC92FD-14E4-4A15-A858-578BC640C589}.Release|Any CPU.ActiveCfg = Release|Any CPU
		{05AC92FD-14E4-4A15-A858-578BC640C589}.Release|Any CPU.Build.0 = Release|Any CPU
	EndGlobalSection
	GlobalSection(SolutionProperties) = preSolution
		HideSolutionNode = FALSE
	EndGlobalSection
EndGlobal
